
Microsoft Visual Studio Solution File, Format Version 12.00
# Visual Studio 15
VisualStudioVersion = 15.0.28307.438
MinimumVisualStudioVersion = 10.0.40219.1
Project("{FAE04EC0-301F-11D3-BF4B-00C04F79EFBC}") = "FlugWeb", "FlugWeb\FlugWeb.csproj", "{EA6C86E9-7B35-48C4-B2F8-A2E729CD27FB}"
EndProject
Global
	GlobalSection(SolutionConfigurationPlatforms) = preSolution
		Debug|Any CPU = Debug|Any CPU
		Release|Any CPU = Release|Any CPU
	EndGlobalSection
	GlobalSection(ProjectConfigurationPlatforms) = postSolution
		{EA6C86E9-7B35-48C4-B2F8-A2E729CD27FB}.Debug|Any CPU.ActiveCfg = Debug|Any CPU
		{EA6C86E9-7B35-48C4-B2F8-A2E729CD27FB}.Debug|Any CPU.Build.0 = Debug|Any CPU
		{EA6C86E9-7B35-48C4-B2F8-A2E729CD27FB}.Release|Any CPU.ActiveCfg = Release|Any CPU
		{EA6C86E9-7B35-48C4-B2F8-A2E729CD27FB}.Release|Any CPU.Build.0 = Release|Any CPU
	EndGlobalSection
	GlobalSection(SolutionProperties) = preSolution
		HideSolutionNode = FALSE
	EndGlobalSection
	GlobalSection(ExtensibilityGlobals) = postSolution
		SolutionGuid = {2EB44F0B-10CE-4E14-81E2-004580E87465}
	EndGlobalSection
EndGlobal
